{
  "nodes": {
    "disko": {
      "inputs": {
        "nixpkgs": [
          "nixpkgs"
        ]
      },
      "locked": {
        "lastModified": 1723080788,
        "narHash": "sha256-C5LbM5VMdcolt9zHeLQ0bYMRjUL+N+AL5pK7/tVTdes=",
        "owner": "nix-community",
        "repo": "disko",
        "rev": "ffc1f95f6c28e1c6d1e587b51a2147027a3e45ed",
        "type": "github"
      },
      "original": {
        "owner": "nix-community",
        "repo": "disko",
        "type": "github"
      }
    },
    "nixpkgs": {
      "locked": {
        "lastModified": 1723221148,
        "narHash": "sha256-7pjpeQlZUNQ4eeVntytU3jkw9dFK3k1Htgk2iuXjaD8=",
        "owner": "NixOS",
        "repo": "nixpkgs",
        "rev": "154bcb95ad51bc257c2ce4043a725de6ca700ef6",
        "type": "github"
      },
      "original": {
        "owner": "NixOS",
        "ref": "nixpkgs-unstable",
        "repo": "nixpkgs",
        "type": "github"
      }
    },
    "root": {
      "inputs": {
        "disko": "disko",
        "nixpkgs": "nixpkgs"
      }
    }
  },
  "root": "root",
  "version": 7
}
